
Microsoft Visual Studio Solution File, Format Version 12.00
# Visual Studio 15
VisualStudioVersion = 15.0.28010.2019
MinimumVisualStudioVersion = 10.0.40219.1
Project("{9A19103F-16F7-4668-BE54-9A1E7A4F7556}") = "WorshopBase", "WorshopBase\WorshopBase.csproj", "{0E4A3C64-D41A-4D55-8E63-7CB2CDF91CE2}"
EndProject
Global
	GlobalSection(SolutionConfigurationPlatforms) = preSolution
		Debug|Any CPU = Debug|Any CPU
		Release|Any CPU = Release|Any CPU
	EndGlobalSection
	GlobalSection(ProjectConfigurationPlatforms) = postSolution
		{0E4A3C64-D41A-4D55-8E63-7CB2CDF91CE2}.Debug|Any CPU.ActiveCfg = Debug|Any CPU
		{0E4A3C64-D41A-4D55-8E63-7CB2CDF91CE2}.Debug|Any CPU.Build.0 = Debug|Any CPU
		{0E4A3C64-D41A-4D55-8E63-7CB2CDF91CE2}.Release|Any CPU.ActiveCfg = Release|Any CPU
		{0E4A3C64-D41A-4D55-8E63-7CB2CDF91CE2}.Release|Any CPU.Build.0 = Release|Any CPU
	EndGlobalSection
	GlobalSection(SolutionProperties) = preSolution
		HideSolutionNode = FALSE
	EndGlobalSection
	GlobalSection(ExtensibilityGlobals) = postSolution
		SolutionGuid = {FC3CC8FE-2D49-4D91-8621-3A7FA05BAE02}
	EndGlobalSection
EndGlobal
